// !$*UTF8*$!
{
	archiveVersion = 1;
	classes = {
	};
	objectVersion = 46;
	objects = {

/* Begin PBXBuildFile section */
		DC3185AD1DED7FBA0085CBFA /* AppDelegate.swift in Sources */ = {isa = PBXBuildFile; fileRef = DC3185AC1DED7FBA0085CBFA /* AppDelegate.swift */; };
		DC3185AF1DED7FBA0085CBFA /* ViewController.swift in Sources */ = {isa = PBXBuildFile; fileRef = DC3185AE1DED7FBA0085CBFA /* ViewController.swift */; };
		DC3185B21DED7FBA0085CBFA /* Main.storyboard in Resources */ = {isa = PBXBuildFile; fileRef = DC3185B01DED7FBA0085CBFA /* Main.storyboard */; };
		DC3185B41DED7FBA0085CBFA /* Assets.xcassets in Resources */ = {isa = PBXBuildFile; fileRef = DC3185B31DED7FBA0085CBFA /* Assets.xcassets */; };
		DC3185B71DED7FBA0085CBFA /* LaunchScreen.storyboard in Resources */ = {isa = PBXBuildFile; fileRef = DC3185B51DED7FBA0085CBFA /* LaunchScreen.storyboard */; };
		DC3185BF1DED80770085CBFA /* blur1.png in Resources */ = {isa = PBXBuildFile; fileRef = DC3185BE1DED80770085CBFA /* blur1.png */; };
/* End PBXBuildFile section */

/* Begin PBXFileReference section */
		DC3185A91DED7FBA0085CBFA /* SampleApp.app */ = {isa = PBXFileReference; explicitFileType = wrapper.application; includeInIndex = 0; path = SampleApp.app; sourceTree = BUILT_PRODUCTS_DIR; };
		DC3185AC1DED7FBA0085CBFA /* AppDelegate.swift */ = {isa = PBXFileReference; lastKnownFileType = sourcecode.swift; path = AppDelegate.swift; sourceTree = "<group>"; };
		DC3185AE1DED7FBA0085CBFA /* ViewController.swift */ = {isa = PBXFileReference; lastKnownFileType = sourcecode.swift; path = ViewController.swift; sourceTree = "<group>"; };
		DC3185B11DED7FBA0085CBFA /* Base */ = {isa = PBXFileReference; lastKnownFileType = file.storyboard; name = Base; path = Base.lproj/Main.storyboard; sourceTree = "<group>"; };
		DC3185B31DED7FBA0085CBFA /* Assets.xcassets */ = {isa = PBXFileReference; lastKnownFileType = folder.assetcatalog; path = Assets.xcassets; sourceTree = "<group>"; };
		DC3185B61DED7FBA0085CBFA /* Base */ = {isa = PBXFileReference; lastKnownFileType = file.storyboard; name = Base; path = Base.lproj/LaunchScreen.storyboard; sourceTree = "<group>"; };
		DC3185B81DED7FBA0085CBFA /* Info.plist */ = {isa = PBXFileReference; lastKnownFileType = text.plist.xml; path = Info.plist; sourceTree = "<group>"; };
		DC3185BE1DED80770085CBFA /* blur1.png */ = {isa = PBXFileReference; lastKnownFileType = image.png; name = blur1.png; path = Resources/blur1.png; sourceTree = SOURCE_ROOT; };
/* End PBXFileReference section */

/* Begin PBXFrameworksBuildPhase section */
		DC3185A61DED7FBA0085CBFA /* Frameworks */ = {
			isa = PBXFrameworksBuildPhase;
			buildActionMask = 2147483647;
			files = (
			);
			runOnlyForDeploymentPostprocessing = 0;
		};
/* End PBXFrameworksBuildPhase section */

/* Begin PBXGroup section */
		DC3185A01DED7FBA0085CBFA = {
			isa = PBXGroup;
			children = (
				DC3185AB1DED7FBA0085CBFA /* SampleApp */,
				DC3185AA1DED7FBA0085CBFA /* Products */,
			);
			sourceTree = "<group>";
		};
		DC3185AA1DED7FBA0085CBFA /* Products */ = {
			isa = PBXGroup;
			children = (
				DC3185A91DED7FBA0085CBFA /* SampleApp.app */,
			);
			name = Products;
			sourceTree = "<group>";
		};
		DC3185AB1DED7FBA0085CBFA /* SampleApp */ = {
			isa = PBXGroup;
			children = (
				DC3185BE1DED80770085CBFA /* blur1.png */,
				DC3185AC1DED7FBA0085CBFA /* AppDelegate.swift */,
				DC3185AE1DED7FBA0085CBFA /* ViewController.swift */,
				DC3185B01DED7FBA0085CBFA /* Main.storyboard */,
				DC3185B31DED7FBA0085CBFA /* Assets.xcassets */,
				DC3185B51DED7FBA0085CBFA /* LaunchScreen.storyboard */,
				DC3185B81DED7FBA0085CBFA /* Info.plist */,
			);
			path = SampleApp;
			sourceTree = "<group>";
		};
/* End PBXGroup section */

/* Begin PBXNativeTarget section */
		DC3185A81DED7FBA0085CBFA /* SampleApp */ = {
			isa = PBXNativeTarget;
			buildConfigurationList = DC3185BB1DED7FBA0085CBFA /* Build configuration list for PBXNativeTarget "SampleApp" */;
			buildPhases = (
				DC3185A51DED7FBA0085CBFA /* Sources */,
				DC3185A61DED7FBA0085CBFA /* Frameworks */,
				DC3185A71DED7FBA0085CBFA /* Resources */,
			);
			buildRules = (
			);
			dependencies = (
			);
			name = SampleApp;
			productName = SampleApp;
			productReference = DC3185A91DED7FBA0085CBFA /* SampleApp.app */;
			productType = "com.apple.product-type.application";
		};
/* End PBXNativeTarget section */

/* Begin PBXProject section */
		DC3185A11DED7FBA0085CBFA /* Project object */ = {
			isa = PBXProject;
			attributes = {
				LastSwiftUpdateCheck = 0800;
				LastUpgradeCheck = 0800;
				ORGANIZATIONNAME = test;
				TargetAttributes = {
					DC3185A81DED7FBA0085CBFA = {
						CreatedOnToolsVersion = 8.0;
						ProvisioningStyle = Automatic;
					};
				};
			};
			buildConfigurationList = DC3185A41DED7FBA0085CBFA /* Build configuration list for PBXProject "SampleApp" */;
			compatibilityVersion = "Xcode 3.2";
			developmentRegion = English;
			hasScannedForEncodings = 0;
			knownRegions = (
				en,
				Base,
			);
			mainGroup = DC3185A01DED7FBA0085CBFA;
			productRefGroup = DC3185AA1DED7FBA0085CBFA /* Products */;
			projectDirPath = "";
			projectRoot = "";
			targets = (
				DC3185A81DED7FBA0085CBFA /* SampleApp */,
			);
		};
/* End PBXProject section */

/* Begin PBXResourcesBuildPhase section */
		DC3185A71DED7FBA0085CBFA /* Resources */ = {
			isa = PBXResourcesBuildPhase;
			buildActionMask = 2147483647;
			files = (
				DC3185B71DED7FBA0085CBFA /* LaunchScreen.storyboard in Resources */,
				DC3185B41DED7FBA0085CBFA /* Assets.xcassets in Resources */,
				DC3185BF1DED80770085CBFA /* blur1.png in Resources */,
				DC3185B21DED7FBA0085CBFA /* Main.storyboard in Resources */,
			);
			runOnlyForDeploymentPostprocessing = 0;
		};
/* End PBXResourcesBuildPhase section */

/* Begin PBXSourcesBuildPhase section */
		DC3185A51DED7FBA0085CBFA /* Sources */ = {
			isa = PBXSourcesBuildPhase;
			buildActionMask = 2147483647;
			files = (
				DC3185AF1DED7FBA0085CBFA /* ViewController.swift in Sources */,
				DC3185AD1DED7FBA0085CBFA /* AppDelegate.swift in Sources */,
			);
			runOnlyForDeploymentPostprocessing = 0;
		};
/* End PBXSourcesBuildPhase section */

/* Begin PBXVariantGroup section */
		DC3185B01DED7FBA0085CBFA /* Main.storyboard */ = {
			isa = PBXVariantGroup;
			children = (
				DC3185B11DED7FBA0085CBFA /* Base */,
			);
			name = Main.storyboard;
			sourceTree = "<group>";
		};
		DC3185B51DED7FBA0085CBFA /* LaunchScreen.storyboard */ = {
			isa = PBXVariantGroup;
			children = (
				DC3185B61DED7FBA0085CBFA /* Base */,
			);
			name = LaunchScreen.storyboard;
			sourceTree = "<group>";
		};
/* End PBXVariantGroup section */

/* Begin XCBuildConfiguration section */
		DC3185B91DED7FBA0085CBFA /* Debug */ = {
			isa = XCBuildConfiguration;
			buildSettings = {
				ALWAYS_SEARCH_USER_PATHS = NO;
				CLANG_ANALYZER_NONNULL = YES;
				CLANG_CXX_LANGUAGE_STANDARD = "gnu++0x";
				CLANG_CXX_LIBRARY = "libc++";
				CLANG_ENABLE_MODULES = YES;
				CLANG_ENABLE_OBJC_ARC = YES;
				CLANG_WARN_BOOL_CONVERSION = YES;
				CLANG_WARN_CONSTANT_CONVERSION = YES;
				CLANG_WARN_DIRECT_OBJC_ISA_USAGE = YES_ERROR;
				CLANG_WARN_DOCUMENTATION_COMMENTS = YES;
				CLANG_WARN_EMPTY_BODY = YES;
				CLANG_WARN_ENUM_CONVERSION = YES;
				CLANG_WARN_INFINITE_RECURSION = YES;
				CLANG_WARN_INT_CONVERSION = YES;
				CLANG_WARN_OBJC_ROOT_CLASS = YES_ERROR;
				CLANG_WARN_SUSPICIOUS_MOVES = YES;
				CLANG_WARN_UNREACHABLE_CODE = YES;
				CLANG_WARN__DUPLICATE_METHOD_MATCH = YES;
				"CODE_SIGN_IDENTITY[sdk=iphoneos*]" = "iPhone Developer";
				COPY_PHASE_STRIP = NO;
				DEBUG_INFORMATION_FORMAT = dwarf;
				ENABLE_STRICT_OBJC_MSGSEND = YES;
				ENABLE_TESTABILITY = YES;
				GCC_C_LANGUAGE_STANDARD = gnu99;
				GCC_DYNAMIC_NO_PIC = NO;
				GCC_NO_COMMON_BLOCKS = YES;
				GCC_OPTIMIZATION_LEVEL = 0;
				GCC_PREPROCESSOR_DEFINITIONS = (
					"DEBUG=1",
					"$(inherited)",
				);
				GCC_WARN_64_TO_32_BIT_CONVERSION = YES;
				GCC_WARN_ABOUT_RETURN_TYPE = YES_ERROR;
				GCC_WARN_UNDECLARED_SELECTOR = YES;
				GCC_WARN_UNINITIALIZED_AUTOS = YES_AGGRESSIVE;
				GCC_WARN_UNUSED_FUNCTION = YES;
				GCC_WARN_UNUSED_VARIABLE = YES;
				IPHONEOS_DEPLOYMENT_TARGET = 10.0;
				MTL_ENABLE_DEBUG_INFO = YES;
				ONLY_ACTIVE_ARCH = YES;
				SDKROOT = iphoneos;
				SWIFT_ACTIVE_COMPILATION_CONDITIONS = DEBUG;
				SWIFT_OPTIMIZATION_LEVEL = "-Onone";
			};
			name = Debug;
		};
		DC3185BA1DED7FBA0085CBFA /* Release */ = {
			isa = XCBuildConfiguration;
			buildSettings = {
				ALWAYS_SEARCH_USER_PATHS = NO;
				CLANG_ANALYZER_NONNULL = YES;
				CLANG_CXX_LANGUAGE_STANDARD = "gnu++0x";
				CLANG_CXX_LIBRARY = "libc++";
				CLANG_ENABLE_MODULES = YES;
				CLANG_ENABLE_OBJC_ARC = YES;
				CLANG_WARN_BOOL_CONVERSION = YES;
				CLANG_WARN_CONSTANT_CONVERSION = YES;
				CLANG_WARN_DIRECT_OBJC_ISA_USAGE = YES_ERROR;
				CLANG_WARN_DOCUMENTATION_COMMENTS = YES;
				CLANG_WARN_EMPTY_BODY = YES;
				CLANG_WARN_ENUM_CONVERSION = YES;
				CLANG_WARN_INFINITE_RECURSION = YES;
				CLANG_WARN_INT_CONVERSION = YES;
				CLANG_WARN_OBJC_ROOT_CLASS = YES_ERROR;
				CLANG_WARN_SUSPICIOUS_MOVES = YES;
				CLANG_WARN_UNREACHABLE_CODE = YES;
				CLANG_WARN__DUPLICATE_METHOD_MATCH = YES;
				"CODE_SIGN_IDENTITY[sdk=iphoneos*]" = "iPhone Developer";
				COPY_PHASE_STRIP = NO;
				DEBUG_INFORMATION_FORMAT = "dwarf-with-dsym";
				ENABLE_NS_ASSERTIONS = NO;
				ENABLE_STRICT_OBJC_MSGSEND = YES;
				GCC_C_LANGUAGE_STANDARD = gnu99;
				GCC_NO_COMMON_BLOCKS = YES;
				GCC_WARN_64_TO_32_BIT_CONVERSION = YES;
				GCC_WARN_ABOUT_RETURN_TYPE = YES_ERROR;
				GCC_WARN_UNDECLARED_SELECTOR = YES;
				GCC_WARN_UNINITIALIZED_AUTOS = YES_AGGRESSIVE;
				GCC_WARN_UNUSED_FUNCTION = YES;
				GCC_WARN_UNUSED_VARIABLE = YES;
				IPHONEOS_DEPLOYMENT_TARGET = 10.0;
				MTL_ENABLE_DEBUG_INFO = NO;
				SDKROOT = iphoneos;
				SWIFT_OPTIMIZATION_LEVEL = "-Owholemodule";
				VALIDATE_PRODUCT = YES;
			};
			name = Release;
		};
		DC3185BC1DED7FBA0085CBFA /* Debug */ = {
			isa = XCBuildConfiguration;
			buildSettings = {
				ASSETCATALOG_COMPILER_APPICON_NAME = AppIcon;
				INFOPLIST_FILE = SampleApp/Info.plist;
				LD_RUNPATH_SEARCH_PATHS = "$(inherited) @executable_path/Frameworks";
				PRODUCT_BUNDLE_IDENTIFIER = com.shashank.SampleApp;
				PRODUCT_NAME = "$(TARGET_NAME)";
				SWIFT_VERSION = 3.0;
			};
			name = Debug;
		};
		DC3185BD1DED7FBA0085CBFA /* Release */ = {
			isa = XCBuildConfiguration;
			buildSettings = {
				ASSETCATALOG_COMPILER_APPICON_NAME = AppIcon;
				INFOPLIST_FILE = SampleApp/Info.plist;
				LD_RUNPATH_SEARCH_PATHS = "$(inherited) @executable_path/Frameworks";
				PRODUCT_BUNDLE_IDENTIFIER = com.shashank.SampleApp;
				PRODUCT_NAME = "$(TARGET_NAME)";
				SWIFT_VERSION = 3.0;
			};
			name = Release;
		};
/* End XCBuildConfiguration section */

/* Begin XCConfigurationList section */
		DC3185A41DED7FBA0085CBFA /* Build configuration list for PBXProject "SampleApp" */ = {
			isa = XCConfigurationList;
			buildConfigurations = (
				DC3185B91DED7FBA0085CBFA /* Debug */,
				DC3185BA1DED7FBA0085CBFA /* Release */,
			);
			defaultConfigurationIsVisible = 0;
			defaultConfigurationName = Release;
		};
		DC3185BB1DED7FBA0085CBFA /* Build configuration list for PBXNativeTarget "SampleApp" */ = {
			isa = XCConfigurationList;
			buildConfigurations = (
				DC3185BC1DED7FBA0085CBFA /* Debug */,
				DC3185BD1DED7FBA0085CBFA /* Release */,
			);
			defaultConfigurationIsVisible = 0;
			defaultConfigurationName = Release;
		};
/* End XCConfigurationList section */
	};
	rootObject = DC3185A11DED7FBA0085CBFA /* Project object */;
}
